// !$*UTF8*$!
{
	archiveVersion = 1;
	classes = {
	};
	objectVersion = 50;
	objects = {

/* Begin PBXBuildFile section */
		F253DFFC23F17E3000BE0139 /* AppDelegate.swift in Sources */ = {isa = PBXBuildFile; fileRef = F253DFFB23F17E3000BE0139 /* AppDelegate.swift */; };
		F253DFFE23F17E3000BE0139 /* SceneDelegate.swift in Sources */ = {isa = PBXBuildFile; fileRef = F253DFFD23F17E3000BE0139 /* SceneDelegate.swift */; };
		F253E00023F17E3000BE0139 /* ViewController.swift in Sources */ = {isa = PBXBuildFile; fileRef = F253DFFF23F17E3000BE0139 /* ViewController.swift */; };
		F253E00323F17E3000BE0139 /* Main.storyboard in Resources */ = {isa = PBXBuildFile; fileRef = F253E00123F17E3000BE0139 /* Main.storyboard */; };
		F253E00523F17E3200BE0139 /* Assets.xcassets in Resources */ = {isa = PBXBuildFile; fileRef = F253E00423F17E3200BE0139 /* Assets.xcassets */; };
		F253E00823F17E3200BE0139 /* LaunchScreen.storyboard in Resources */ = {isa = PBXBuildFile; fileRef = F253E00623F17E3200BE0139 /* LaunchScreen.storyboard */; };
		F253E01523F180E800BE0139 /* ViewExtensions.swift in Sources */ = {isa = PBXBuildFile; fileRef = F253E01423F180E800BE0139 /* ViewExtensions.swift */; };
		F253E01723F186C100BE0139 /* StartQuizController.swift in Sources */ = {isa = PBXBuildFile; fileRef = F253E01623F186C100BE0139 /* StartQuizController.swift */; };
		F253E01923F19E8B00BE0139 /* RoundButton.swift in Sources */ = {isa = PBXBuildFile; fileRef = F253E01823F19E8B00BE0139 /* RoundButton.swift */; };
		F253E01B23F1AAEA00BE0139 /* QuizController.swift in Sources */ = {isa = PBXBuildFile; fileRef = F253E01A23F1AAEA00BE0139 /* QuizController.swift */; };
/* End PBXBuildFile section */

/* Begin PBXFileReference section */
		F253DFF823F17E3000BE0139 /* onboard.app */ = {isa = PBXFileReference; explicitFileType = wrapper.application; includeInIndex = 0; path = onboard.app; sourceTree = BUILT_PRODUCTS_DIR; };
		F253DFFB23F17E3000BE0139 /* AppDelegate.swift */ = {isa = PBXFileReference; lastKnownFileType = sourcecode.swift; path = AppDelegate.swift; sourceTree = "<group>"; };
		F253DFFD23F17E3000BE0139 /* SceneDelegate.swift */ = {isa = PBXFileReference; lastKnownFileType = sourcecode.swift; path = SceneDelegate.swift; sourceTree = "<group>"; };
		F253DFFF23F17E3000BE0139 /* ViewController.swift */ = {isa = PBXFileReference; lastKnownFileType = sourcecode.swift; path = ViewController.swift; sourceTree = "<group>"; };
		F253E00223F17E3000BE0139 /* Base */ = {isa = PBXFileReference; lastKnownFileType = file.storyboard; name = Base; path = Base.lproj/Main.storyboard; sourceTree = "<group>"; };
		F253E00423F17E3200BE0139 /* Assets.xcassets */ = {isa = PBXFileReference; lastKnownFileType = folder.assetcatalog; path = Assets.xcassets; sourceTree = "<group>"; };
		F253E00723F17E3200BE0139 /* Base */ = {isa = PBXFileReference; lastKnownFileType = file.storyboard; name = Base; path = Base.lproj/LaunchScreen.storyboard; sourceTree = "<group>"; };
		F253E00923F17E3200BE0139 /* Info.plist */ = {isa = PBXFileReference; lastKnownFileType = text.plist.xml; path = Info.plist; sourceTree = "<group>"; };
		F253E01423F180E800BE0139 /* ViewExtensions.swift */ = {isa = PBXFileReference; lastKnownFileType = sourcecode.swift; path = ViewExtensions.swift; sourceTree = "<group>"; };
		F253E01623F186C100BE0139 /* StartQuizController.swift */ = {isa = PBXFileReference; lastKnownFileType = sourcecode.swift; path = StartQuizController.swift; sourceTree = "<group>"; };
		F253E01823F19E8B00BE0139 /* RoundButton.swift */ = {isa = PBXFileReference; lastKnownFileType = sourcecode.swift; path = RoundButton.swift; sourceTree = "<group>"; };
		F253E01A23F1AAEA00BE0139 /* QuizController.swift */ = {isa = PBXFileReference; lastKnownFileType = sourcecode.swift; path = QuizController.swift; sourceTree = "<group>"; };
/* End PBXFileReference section */

/* Begin PBXFrameworksBuildPhase section */
		F253DFF523F17E3000BE0139 /* Frameworks */ = {
			isa = PBXFrameworksBuildPhase;
			buildActionMask = 2147483647;
			files = (
			);
			runOnlyForDeploymentPostprocessing = 0;
		};
/* End PBXFrameworksBuildPhase section */

/* Begin PBXGroup section */
		F253DFEF23F17E3000BE0139 = {
			isa = PBXGroup;
			children = (
				F253DFFA23F17E3000BE0139 /* onboard */,
				F253DFF923F17E3000BE0139 /* Products */,
			);
			sourceTree = "<group>";
		};
		F253DFF923F17E3000BE0139 /* Products */ = {
			isa = PBXGroup;
			children = (
				F253DFF823F17E3000BE0139 /* onboard.app */,
			);
			name = Products;
			sourceTree = "<group>";
		};
		F253DFFA23F17E3000BE0139 /* onboard */ = {
			isa = PBXGroup;
			children = (
				F253E01323F180C100BE0139 /* Utils */,
				F253E01223F1802F00BE0139 /* App */,
				F253E01123F1801300BE0139 /* Models */,
				F253E01023F1800800BE0139 /* Controllers */,
				F253E00F23F17FFD00BE0139 /* Views */,
				F253E00423F17E3200BE0139 /* Assets.xcassets */,
				F253E00923F17E3200BE0139 /* Info.plist */,
			);
			path = onboard;
			sourceTree = "<group>";
		};
		F253E00F23F17FFD00BE0139 /* Views */ = {
			isa = PBXGroup;
			children = (
				F253E00123F17E3000BE0139 /* Main.storyboard */,
				F253E00623F17E3200BE0139 /* LaunchScreen.storyboard */,
			);
			path = Views;
			sourceTree = "<group>";
		};
		F253E01023F1800800BE0139 /* Controllers */ = {
			isa = PBXGroup;
			children = (
				F253DFFF23F17E3000BE0139 /* ViewController.swift */,
				F253E01623F186C100BE0139 /* StartQuizController.swift */,
				F253E01A23F1AAEA00BE0139 /* QuizController.swift */,
			);
			path = Controllers;
			sourceTree = "<group>";
		};
		F253E01123F1801300BE0139 /* Models */ = {
			isa = PBXGroup;
			children = (
			);
			path = Models;
			sourceTree = "<group>";
		};
		F253E01223F1802F00BE0139 /* App */ = {
			isa = PBXGroup;
			children = (
				F253DFFB23F17E3000BE0139 /* AppDelegate.swift */,
				F253DFFD23F17E3000BE0139 /* SceneDelegate.swift */,
			);
			path = App;
			sourceTree = "<group>";
		};
		F253E01323F180C100BE0139 /* Utils */ = {
			isa = PBXGroup;
			children = (
				F253E01423F180E800BE0139 /* ViewExtensions.swift */,
				F253E01823F19E8B00BE0139 /* RoundButton.swift */,
			);
			path = Utils;
			sourceTree = "<group>";
		};
/* End PBXGroup section */

/* Begin PBXNativeTarget section */
		F253DFF723F17E3000BE0139 /* onboard */ = {
			isa = PBXNativeTarget;
			buildConfigurationList = F253E00C23F17E3200BE0139 /* Build configuration list for PBXNativeTarget "onboard" */;
			buildPhases = (
				F253DFF423F17E3000BE0139 /* Sources */,
				F253DFF523F17E3000BE0139 /* Frameworks */,
				F253DFF623F17E3000BE0139 /* Resources */,
			);
			buildRules = (
			);
			dependencies = (
			);
			name = onboard;
			productName = onboard;
			productReference = F253DFF823F17E3000BE0139 /* onboard.app */;
			productType = "com.apple.product-type.application";
		};
/* End PBXNativeTarget section */

/* Begin PBXProject section */
		F253DFF023F17E3000BE0139 /* Project object */ = {
			isa = PBXProject;
			attributes = {
				LastSwiftUpdateCheck = 1120;
				LastUpgradeCheck = 1120;
				ORGANIZATIONNAME = Hacela;
				TargetAttributes = {
					F253DFF723F17E3000BE0139 = {
						CreatedOnToolsVersion = 11.2;
					};
				};
			};
			buildConfigurationList = F253DFF323F17E3000BE0139 /* Build configuration list for PBXProject "onboard" */;
			compatibilityVersion = "Xcode 9.3";
			developmentRegion = en;
			hasScannedForEncodings = 0;
			knownRegions = (
				en,
				Base,
			);
			mainGroup = F253DFEF23F17E3000BE0139;
			productRefGroup = F253DFF923F17E3000BE0139 /* Products */;
			projectDirPath = "";
			projectRoot = "";
			targets = (
				F253DFF723F17E3000BE0139 /* onboard */,
			);
		};
/* End PBXProject section */

/* Begin PBXResourcesBuildPhase section */
		F253DFF623F17E3000BE0139 /* Resources */ = {
			isa = PBXResourcesBuildPhase;
			buildActionMask = 2147483647;
			files = (
				F253E00823F17E3200BE0139 /* LaunchScreen.storyboard in Resources */,
				F253E00523F17E3200BE0139 /* Assets.xcassets in Resources */,
				F253E00323F17E3000BE0139 /* Main.storyboard in Resources */,
			);
			runOnlyForDeploymentPostprocessing = 0;
		};
/* End PBXResourcesBuildPhase section */

/* Begin PBXSourcesBuildPhase section */
		F253DFF423F17E3000BE0139 /* Sources */ = {
			isa = PBXSourcesBuildPhase;
			buildActionMask = 2147483647;
			files = (
				F253E01B23F1AAEA00BE0139 /* QuizController.swift in Sources */,
				F253E01923F19E8B00BE0139 /* RoundButton.swift in Sources */,
				F253E01723F186C100BE0139 /* StartQuizController.swift in Sources */,
				F253E00023F17E3000BE0139 /* ViewController.swift in Sources */,
				F253DFFC23F17E3000BE0139 /* AppDelegate.swift in Sources */,
				F253E01523F180E800BE0139 /* ViewExtensions.swift in Sources */,
				F253DFFE23F17E3000BE0139 /* SceneDelegate.swift in Sources */,
			);
			runOnlyForDeploymentPostprocessing = 0;
		};
/* End PBXSourcesBuildPhase section */

/* Begin PBXVariantGroup section */
		F253E00123F17E3000BE0139 /* Main.storyboard */ = {
			isa = PBXVariantGroup;
			children = (
				F253E00223F17E3000BE0139 /* Base */,
			);
			name = Main.storyboard;
			sourceTree = "<group>";
		};
		F253E00623F17E3200BE0139 /* LaunchScreen.storyboard */ = {
			isa = PBXVariantGroup;
			children = (
				F253E00723F17E3200BE0139 /* Base */,
			);
			name = LaunchScreen.storyboard;
			sourceTree = "<group>";
		};
/* End PBXVariantGroup section */

/* Begin XCBuildConfiguration section */
		F253E00A23F17E3200BE0139 /* Debug */ = {
			isa = XCBuildConfiguration;
			buildSettings = {
				ALWAYS_SEARCH_USER_PATHS = NO;
				CLANG_ANALYZER_NONNULL = YES;
				CLANG_ANALYZER_NUMBER_OBJECT_CONVERSION = YES_AGGRESSIVE;
				CLANG_CXX_LANGUAGE_STANDARD = "gnu++14";
				CLANG_CXX_LIBRARY = "libc++";
				CLANG_ENABLE_MODULES = YES;
				CLANG_ENABLE_OBJC_ARC = YES;
				CLANG_ENABLE_OBJC_WEAK = YES;
				CLANG_WARN_BLOCK_CAPTURE_AUTORELEASING = YES;
				CLANG_WARN_BOOL_CONVERSION = YES;
				CLANG_WARN_COMMA = YES;
				CLANG_WARN_CONSTANT_CONVERSION = YES;
				CLANG_WARN_DEPRECATED_OBJC_IMPLEMENTATIONS = YES;
				CLANG_WARN_DIRECT_OBJC_ISA_USAGE = YES_ERROR;
				CLANG_WARN_DOCUMENTATION_COMMENTS = YES;
				CLANG_WARN_EMPTY_BODY = YES;
				CLANG_WARN_ENUM_CONVERSION = YES;
				CLANG_WARN_INFINITE_RECURSION = YES;
				CLANG_WARN_INT_CONVERSION = YES;
				CLANG_WARN_NON_LITERAL_NULL_CONVERSION = YES;
				CLANG_WARN_OBJC_IMPLICIT_RETAIN_SELF = YES;
				CLANG_WARN_OBJC_LITERAL_CONVERSION = YES;
				CLANG_WARN_OBJC_ROOT_CLASS = YES_ERROR;
				CLANG_WARN_RANGE_LOOP_ANALYSIS = YES;
				CLANG_WARN_STRICT_PROTOTYPES = YES;
				CLANG_WARN_SUSPICIOUS_MOVE = YES;
				CLANG_WARN_UNGUARDED_AVAILABILITY = YES_AGGRESSIVE;
				CLANG_WARN_UNREACHABLE_CODE = YES;
				CLANG_WARN__DUPLICATE_METHOD_MATCH = YES;
				COPY_PHASE_STRIP = NO;
				DEBUG_INFORMATION_FORMAT = dwarf;
				ENABLE_STRICT_OBJC_MSGSEND = YES;
				ENABLE_TESTABILITY = YES;
				GCC_C_LANGUAGE_STANDARD = gnu11;
				GCC_DYNAMIC_NO_PIC = NO;
				GCC_NO_COMMON_BLOCKS = YES;
				GCC_OPTIMIZATION_LEVEL = 0;
				GCC_PREPROCESSOR_DEFINITIONS = (
					"DEBUG=1",
					"$(inherited)",
				);
				GCC_WARN_64_TO_32_BIT_CONVERSION = YES;
				GCC_WARN_ABOUT_RETURN_TYPE = YES_ERROR;
				GCC_WARN_UNDECLARED_SELECTOR = YES;
				GCC_WARN_UNINITIALIZED_AUTOS = YES_AGGRESSIVE;
				GCC_WARN_UNUSED_FUNCTION = YES;
				GCC_WARN_UNUSED_VARIABLE = YES;
				IPHONEOS_DEPLOYMENT_TARGET = 13.2;
				MTL_ENABLE_DEBUG_INFO = INCLUDE_SOURCE;
				MTL_FAST_MATH = YES;
				ONLY_ACTIVE_ARCH = YES;
				SDKROOT = iphoneos;
				SWIFT_ACTIVE_COMPILATION_CONDITIONS = DEBUG;
				SWIFT_OPTIMIZATION_LEVEL = "-Onone";
			};
			name = Debug;
		};
		F253E00B23F17E3200BE0139 /* Release */ = {
			isa = XCBuildConfiguration;
			buildSettings = {
				ALWAYS_SEARCH_USER_PATHS = NO;
				CLANG_ANALYZER_NONNULL = YES;
				CLANG_ANALYZER_NUMBER_OBJECT_CONVERSION = YES_AGGRESSIVE;
				CLANG_CXX_LANGUAGE_STANDARD = "gnu++14";
				CLANG_CXX_LIBRARY = "libc++";
				CLANG_ENABLE_MODULES = YES;
				CLANG_ENABLE_OBJC_ARC = YES;
				CLANG_ENABLE_OBJC_WEAK = YES;
				CLANG_WARN_BLOCK_CAPTURE_AUTORELEASING = YES;
				CLANG_WARN_BOOL_CONVERSION = YES;
				CLANG_WARN_COMMA = YES;
				CLANG_WARN_CONSTANT_CONVERSION = YES;
				CLANG_WARN_DEPRECATED_OBJC_IMPLEMENTATIONS = YES;
				CLANG_WARN_DIRECT_OBJC_ISA_USAGE = YES_ERROR;
				CLANG_WARN_DOCUMENTATION_COMMENTS = YES;
				CLANG_WARN_EMPTY_BODY = YES;
				CLANG_WARN_ENUM_CONVERSION = YES;
				CLANG_WARN_INFINITE_RECURSION = YES;
				CLANG_WARN_INT_CONVERSION = YES;
				CLANG_WARN_NON_LITERAL_NULL_CONVERSION = YES;
				CLANG_WARN_OBJC_IMPLICIT_RETAIN_SELF = YES;
				CLANG_WARN_OBJC_LITERAL_CONVERSION = YES;
				CLANG_WARN_OBJC_ROOT_CLASS = YES_ERROR;
				CLANG_WARN_RANGE_LOOP_ANALYSIS = YES;
				CLANG_WARN_STRICT_PROTOTYPES = YES;
				CLANG_WARN_SUSPICIOUS_MOVE = YES;
				CLANG_WARN_UNGUARDED_AVAILABILITY = YES_AGGRESSIVE;
				CLANG_WARN_UNREACHABLE_CODE = YES;
				CLANG_WARN__DUPLICATE_METHOD_MATCH = YES;
				COPY_PHASE_STRIP = NO;
				DEBUG_INFORMATION_FORMAT = "dwarf-with-dsym";
				ENABLE_NS_ASSERTIONS = NO;
				ENABLE_STRICT_OBJC_MSGSEND = YES;
				GCC_C_LANGUAGE_STANDARD = gnu11;
				GCC_NO_COMMON_BLOCKS = YES;
				GCC_WARN_64_TO_32_BIT_CONVERSION = YES;
				GCC_WARN_ABOUT_RETURN_TYPE = YES_ERROR;
				GCC_WARN_UNDECLARED_SELECTOR = YES;
				GCC_WARN_UNINITIALIZED_AUTOS = YES_AGGRESSIVE;
				GCC_WARN_UNUSED_FUNCTION = YES;
				GCC_WARN_UNUSED_VARIABLE = YES;
				IPHONEOS_DEPLOYMENT_TARGET = 13.2;
				MTL_ENABLE_DEBUG_INFO = NO;
				MTL_FAST_MATH = YES;
				SDKROOT = iphoneos;
				SWIFT_COMPILATION_MODE = wholemodule;
				SWIFT_OPTIMIZATION_LEVEL = "-O";
				VALIDATE_PRODUCT = YES;
			};
			name = Release;
		};
		F253E00D23F17E3200BE0139 /* Debug */ = {
			isa = XCBuildConfiguration;
			buildSettings = {
				ASSETCATALOG_COMPILER_APPICON_NAME = AppIcon;
				CODE_SIGN_STYLE = Automatic;
				DEVELOPMENT_TEAM = 5VRW54NNL9;
				INFOPLIST_FILE = onboard/Info.plist;
				LD_RUNPATH_SEARCH_PATHS = (
					"$(inherited)",
					"@executable_path/Frameworks",
				);
				PRODUCT_BUNDLE_IDENTIFIER = app.hacela.onboard;
				PRODUCT_NAME = "$(TARGET_NAME)";
				SWIFT_VERSION = 5.0;
				TARGETED_DEVICE_FAMILY = "1,2";
			};
			name = Debug;
		};
		F253E00E23F17E3200BE0139 /* Release */ = {
			isa = XCBuildConfiguration;
			buildSettings = {
				ASSETCATALOG_COMPILER_APPICON_NAME = AppIcon;
				CODE_SIGN_STYLE = Automatic;
				DEVELOPMENT_TEAM = 5VRW54NNL9;
				INFOPLIST_FILE = onboard/Info.plist;
				LD_RUNPATH_SEARCH_PATHS = (
					"$(inherited)",
					"@executable_path/Frameworks",
				);
				PRODUCT_BUNDLE_IDENTIFIER = app.hacela.onboard;
				PRODUCT_NAME = "$(TARGET_NAME)";
				SWIFT_VERSION = 5.0;
				TARGETED_DEVICE_FAMILY = "1,2";
			};
			name = Release;
		};
/* End XCBuildConfiguration section */

/* Begin XCConfigurationList section */
		F253DFF323F17E3000BE0139 /* Build configuration list for PBXProject "onboard" */ = {
			isa = XCConfigurationList;
			buildConfigurations = (
				F253E00A23F17E3200BE0139 /* Debug */,
				F253E00B23F17E3200BE0139 /* Release */,
			);
			defaultConfigurationIsVisible = 0;
			defaultConfigurationName = Release;
		};
		F253E00C23F17E3200BE0139 /* Build configuration list for PBXNativeTarget "onboard" */ = {
			isa = XCConfigurationList;
			buildConfigurations = (
				F253E00D23F17E3200BE0139 /* Debug */,
				F253E00E23F17E3200BE0139 /* Release */,
			);
			defaultConfigurationIsVisible = 0;
			defaultConfigurationName = Release;
		};
/* End XCConfigurationList section */
	};
	rootObject = F253DFF023F17E3000BE0139 /* Project object */;
}
